
Microsoft Visual Studio Solution File, Format Version 12.00
# Visual Studio 15
VisualStudioVersion = 15.0.27703.2026
MinimumVisualStudioVersion = 10.0.40219.1
Project("{FAE04EC0-301F-11D3-BF4B-00C04F79EFBC}") = "TicketHTPay", "TicketHTPay\TicketHTPay.csproj", "{0DDC7A2A-E199-40B3-B5B0-1E42B326F929}"
EndProject
Project("{FAE04EC0-301F-11D3-BF4B-00C04F79EFBC}") = "PayMvcDemo", "PayMvcDemo\PayMvcDemo.csproj", "{2E14673C-720C-4220-AECC-C5EC9D637BB3}"
EndProject
Global
	GlobalSection(SolutionConfigurationPlatforms) = preSolution
		Debug|Any CPU = Debug|Any CPU
		Debug|x86 = Debug|x86
		Release|Any CPU = Release|Any CPU
		Release|x86 = Release|x86
	EndGlobalSection
	GlobalSection(ProjectConfigurationPlatforms) = postSolution
		{0DDC7A2A-E199-40B3-B5B0-1E42B326F929}.Debug|Any CPU.ActiveCfg = Debug|Any CPU
		{0DDC7A2A-E199-40B3-B5B0-1E42B326F929}.Debug|Any CPU.Build.0 = Debug|Any CPU
		{0DDC7A2A-E199-40B3-B5B0-1E42B326F929}.Debug|x86.ActiveCfg = Debug|Any CPU
		{0DDC7A2A-E199-40B3-B5B0-1E42B326F929}.Debug|x86.Build.0 = Debug|Any CPU
		{0DDC7A2A-E199-40B3-B5B0-1E42B326F929}.Release|Any CPU.ActiveCfg = Release|Any CPU
		{0DDC7A2A-E199-40B3-B5B0-1E42B326F929}.Release|Any CPU.Build.0 = Release|Any CPU
		{0DDC7A2A-E199-40B3-B5B0-1E42B326F929}.Release|x86.ActiveCfg = Release|Any CPU
		{0DDC7A2A-E199-40B3-B5B0-1E42B326F929}.Release|x86.Build.0 = Release|Any CPU
		{2E14673C-720C-4220-AECC-C5EC9D637BB3}.Debug|Any CPU.ActiveCfg = Debug|Any CPU
		{2E14673C-720C-4220-AECC-C5EC9D637BB3}.Debug|Any CPU.Build.0 = Debug|Any CPU
		{2E14673C-720C-4220-AECC-C5EC9D637BB3}.Debug|x86.ActiveCfg = Debug|Any CPU
		{2E14673C-720C-4220-AECC-C5EC9D637BB3}.Debug|x86.Build.0 = Debug|Any CPU
		{2E14673C-720C-4220-AECC-C5EC9D637BB3}.Release|Any CPU.ActiveCfg = Release|Any CPU
		{2E14673C-720C-4220-AECC-C5EC9D637BB3}.Release|Any CPU.Build.0 = Release|Any CPU
		{2E14673C-720C-4220-AECC-C5EC9D637BB3}.Release|x86.ActiveCfg = Release|Any CPU
		{2E14673C-720C-4220-AECC-C5EC9D637BB3}.Release|x86.Build.0 = Release|Any CPU
	EndGlobalSection
	GlobalSection(SolutionProperties) = preSolution
		HideSolutionNode = FALSE
	EndGlobalSection
	GlobalSection(ExtensibilityGlobals) = postSolution
		SolutionGuid = {17549A86-D184-4907-9033-FD2D35522448}
	EndGlobalSection
EndGlobal
